
Microsoft Visual Studio Solution File, Format Version 12.00
Project("{FAE04EC0-301F-11D3-BF4B-00C04F79EFBC}") = "Calculator", "Calculator\Calculator.csproj", "{2C2D4CE1-9E5F-4CD4-9B14-838BA22D5204}"
EndProject
Project("{FAE04EC0-301F-11D3-BF4B-00C04F79EFBC}") = "Calculator_Tests", "Calculator_Tests\Calculator_Tests.csproj", "{81703537-FB99-4844-844D-70F96AC3E892}"
EndProject
Global
	GlobalSection(SolutionConfigurationPlatforms) = preSolution
		Debug|Any CPU = Debug|Any CPU
		Release|Any CPU = Release|Any CPU
	EndGlobalSection
	GlobalSection(ProjectConfigurationPlatforms) = postSolution
		{2C2D4CE1-9E5F-4CD4-9B14-838BA22D5204}.Debug|Any CPU.ActiveCfg = Debug|Any CPU
		{2C2D4CE1-9E5F-4CD4-9B14-838BA22D5204}.Debug|Any CPU.Build.0 = Debug|Any CPU
		{2C2D4CE1-9E5F-4CD4-9B14-838BA22D5204}.Release|Any CPU.ActiveCfg = Release|Any CPU
		{2C2D4CE1-9E5F-4CD4-9B14-838BA22D5204}.Release|Any CPU.Build.0 = Release|Any CPU
		{81703537-FB99-4844-844D-70F96AC3E892}.Debug|Any CPU.ActiveCfg = Debug|Any CPU
		{81703537-FB99-4844-844D-70F96AC3E892}.Debug|Any CPU.Build.0 = Debug|Any CPU
		{81703537-FB99-4844-844D-70F96AC3E892}.Release|Any CPU.ActiveCfg = Release|Any CPU
		{81703537-FB99-4844-844D-70F96AC3E892}.Release|Any CPU.Build.0 = Release|Any CPU
	EndGlobalSection
EndGlobal
